
Microsoft Visual Studio Solution File, Format Version 12.00
# Visual Studio 2013
VisualStudioVersion = 12.0.21005.1
MinimumVisualStudioVersion = 10.0.40219.1
Project("{8BC9CEB8-8B4A-11D0-8D11-00A0C91BC942}") = "Ex1", "Ex1\Ex1.vcxproj", "{50BB71A3-CD64-4B3A-83E7-50F2F7A290D8}"
EndProject
Project("{8BC9CEB8-8B4A-11D0-8D11-00A0C91BC942}") = "Ex3", "Ex3\Ex3.vcxproj", "{C8612E99-61EE-4B92-AE6B-2DF9EC495812}"
EndProject
Global
	GlobalSection(SolutionConfigurationPlatforms) = preSolution
		Debug|Win32 = Debug|Win32
		Release|Win32 = Release|Win32
	EndGlobalSection
	GlobalSection(ProjectConfigurationPlatforms) = postSolution
		{50BB71A3-CD64-4B3A-83E7-50F2F7A290D8}.Debug|Win32.ActiveCfg = Debug|Win32
		{50BB71A3-CD64-4B3A-83E7-50F2F7A290D8}.Debug|Win32.Build.0 = Debug|Win32
		{50BB71A3-CD64-4B3A-83E7-50F2F7A290D8}.Release|Win32.ActiveCfg = Release|Win32
		{50BB71A3-CD64-4B3A-83E7-50F2F7A290D8}.Release|Win32.Build.0 = Release|Win32
		{C8612E99-61EE-4B92-AE6B-2DF9EC495812}.Debug|Win32.ActiveCfg = Debug|Win32
		{C8612E99-61EE-4B92-AE6B-2DF9EC495812}.Debug|Win32.Build.0 = Debug|Win32
		{C8612E99-61EE-4B92-AE6B-2DF9EC495812}.Release|Win32.ActiveCfg = Release|Win32
		{C8612E99-61EE-4B92-AE6B-2DF9EC495812}.Release|Win32.Build.0 = Release|Win32
	EndGlobalSection
	GlobalSection(SolutionProperties) = preSolution
		HideSolutionNode = FALSE
	EndGlobalSection
EndGlobal
